// !$*UTF8*$!
{
	archiveVersion = 1;
	classes = {
	};
	objectVersion = 46;
	objects = {

/* Begin PBXBuildFile section */
		D04AABFA1F3C303500D6D585 /* main.m in Sources */ = {isa = PBXBuildFile; fileRef = D04AABF91F3C303500D6D585 /* main.m */; };
		D04AABFD1F3C303500D6D585 /* AppDelegate.m in Sources */ = {isa = PBXBuildFile; fileRef = D04AABFC1F3C303500D6D585 /* AppDelegate.m */; };
		D04AAC001F3C303500D6D585 /* ViewController.m in Sources */ = {isa = PBXBuildFile; fileRef = D04AABFF1F3C303500D6D585 /* ViewController.m */; };
		D04AAC031F3C303500D6D585 /* Main.storyboard in Resources */ = {isa = PBXBuildFile; fileRef = D04AAC011F3C303500D6D585 /* Main.storyboard */; };
		D04AAC051F3C303500D6D585 /* Assets.xcassets in Resources */ = {isa = PBXBuildFile; fileRef = D04AAC041F3C303500D6D585 /* Assets.xcassets */; };
		D04AAC081F3C303500D6D585 /* LaunchScreen.storyboard in Resources */ = {isa = PBXBuildFile; fileRef = D04AAC061F3C303500D6D585 /* LaunchScreen.storyboard */; };
		D04AAC131F3C303500D6D585 /* StoryboardDemoTests.m in Sources */ = {isa = PBXBuildFile; fileRef = D04AAC121F3C303500D6D585 /* StoryboardDemoTests.m */; };
		D04AAC1E1F3C303500D6D585 /* StoryboardDemoUITests.m in Sources */ = {isa = PBXBuildFile; fileRef = D04AAC1D1F3C303500D6D585 /* StoryboardDemoUITests.m */; };
		D04AAC2D1F3C30BC00D6D585 /* JHSecondViewController.m in Sources */ = {isa = PBXBuildFile; fileRef = D04AAC2C1F3C30BC00D6D585 /* JHSecondViewController.m */; };
		D04AAC301F3C343A00D6D585 /* JHThirdViewController.m in Sources */ = {isa = PBXBuildFile; fileRef = D04AAC2F1F3C343A00D6D585 /* JHThirdViewController.m */; };
		D04AAC331F3C363100D6D585 /* Home.storyboard in Resources */ = {isa = PBXBuildFile; fileRef = D04AAC311F3C363100D6D585 /* Home.storyboard */; };
		D04AAC351F3C364600D6D585 /* Me.storyboard in Resources */ = {isa = PBXBuildFile; fileRef = D04AAC341F3C364600D6D585 /* Me.storyboard */; };
/* End PBXBuildFile section */

/* Begin PBXContainerItemProxy section */
		D04AAC0F1F3C303500D6D585 /* PBXContainerItemProxy */ = {
			isa = PBXContainerItemProxy;
			containerPortal = D04AABED1F3C303500D6D585 /* Project object */;
			proxyType = 1;
			remoteGlobalIDString = D04AABF41F3C303500D6D585;
			remoteInfo = StoryboardDemo;
		};
		D04AAC1A1F3C303500D6D585 /* PBXContainerItemProxy */ = {
			isa = PBXContainerItemProxy;
			containerPortal = D04AABED1F3C303500D6D585 /* Project object */;
			proxyType = 1;
			remoteGlobalIDString = D04AABF41F3C303500D6D585;
			remoteInfo = StoryboardDemo;
		};
/* End PBXContainerItemProxy section */

/* Begin PBXFileReference section */
		D04AABF51F3C303500D6D585 /* StoryboardDemo.app */ = {isa = PBXFileReference; explicitFileType = wrapper.application; includeInIndex = 0; path = StoryboardDemo.app; sourceTree = BUILT_PRODUCTS_DIR; };
		D04AABF91F3C303500D6D585 /* main.m */ = {isa = PBXFileReference; lastKnownFileType = sourcecode.c.objc; path = main.m; sourceTree = "<group>"; };
		D04AABFB1F3C303500D6D585 /* AppDelegate.h */ = {isa = PBXFileReference; lastKnownFileType = sourcecode.c.h; path = AppDelegate.h; sourceTree = "<group>"; };
		D04AABFC1F3C303500D6D585 /* AppDelegate.m */ = {isa = PBXFileReference; lastKnownFileType = sourcecode.c.objc; path = AppDelegate.m; sourceTree = "<group>"; };
		D04AABFE1F3C303500D6D585 /* ViewController.h */ = {isa = PBXFileReference; lastKnownFileType = sourcecode.c.h; path = ViewController.h; sourceTree = "<group>"; };
		D04AABFF1F3C303500D6D585 /* ViewController.m */ = {isa = PBXFileReference; lastKnownFileType = sourcecode.c.objc; path = ViewController.m; sourceTree = "<group>"; };
		D04AAC021F3C303500D6D585 /* Base */ = {isa = PBXFileReference; lastKnownFileType = file.storyboard; name = Base; path = Base.lproj/Main.storyboard; sourceTree = "<group>"; };
		D04AAC041F3C303500D6D585 /* Assets.xcassets */ = {isa = PBXFileReference; lastKnownFileType = folder.assetcatalog; path = Assets.xcassets; sourceTree = "<group>"; };
		D04AAC071F3C303500D6D585 /* Base */ = {isa = PBXFileReference; lastKnownFileType = file.storyboard; name = Base; path = Base.lproj/LaunchScreen.storyboard; sourceTree = "<group>"; };
		D04AAC091F3C303500D6D585 /* Info.plist */ = {isa = PBXFileReference; lastKnownFileType = text.plist.xml; path = Info.plist; sourceTree = "<group>"; };
		D04AAC0E1F3C303500D6D585 /* StoryboardDemoTests.xctest */ = {isa = PBXFileReference; explicitFileType = wrapper.cfbundle; includeInIndex = 0; path = StoryboardDemoTests.xctest; sourceTree = BUILT_PRODUCTS_DIR; };
		D04AAC121F3C303500D6D585 /* StoryboardDemoTests.m */ = {isa = PBXFileReference; lastKnownFileType = sourcecode.c.objc; path = StoryboardDemoTests.m; sourceTree = "<group>"; };
		D04AAC141F3C303500D6D585 /* Info.plist */ = {isa = PBXFileReference; lastKnownFileType = text.plist.xml; path = Info.plist; sourceTree = "<group>"; };
		D04AAC191F3C303500D6D585 /* StoryboardDemoUITests.xctest */ = {isa = PBXFileReference; explicitFileType = wrapper.cfbundle; includeInIndex = 0; path = StoryboardDemoUITests.xctest; sourceTree = BUILT_PRODUCTS_DIR; };
		D04AAC1D1F3C303500D6D585 /* StoryboardDemoUITests.m */ = {isa = PBXFileReference; lastKnownFileType = sourcecode.c.objc; path = StoryboardDemoUITests.m; sourceTree = "<group>"; };
		D04AAC1F1F3C303500D6D585 /* Info.plist */ = {isa = PBXFileReference; lastKnownFileType = text.plist.xml; path = Info.plist; sourceTree = "<group>"; };
		D04AAC2B1F3C30BC00D6D585 /* JHSecondViewController.h */ = {isa = PBXFileReference; fileEncoding = 4; lastKnownFileType = sourcecode.c.h; path = JHSecondViewController.h; sourceTree = "<group>"; };
		D04AAC2C1F3C30BC00D6D585 /* JHSecondViewController.m */ = {isa = PBXFileReference; fileEncoding = 4; lastKnownFileType = sourcecode.c.objc; path = JHSecondViewController.m; sourceTree = "<group>"; };
		D04AAC2E1F3C343A00D6D585 /* JHThirdViewController.h */ = {isa = PBXFileReference; fileEncoding = 4; lastKnownFileType = sourcecode.c.h; path = JHThirdViewController.h; sourceTree = "<group>"; };
		D04AAC2F1F3C343A00D6D585 /* JHThirdViewController.m */ = {isa = PBXFileReference; fileEncoding = 4; lastKnownFileType = sourcecode.c.objc; path = JHThirdViewController.m; sourceTree = "<group>"; };
		D04AAC321F3C363100D6D585 /* Base */ = {isa = PBXFileReference; lastKnownFileType = file.storyboard; name = Base; path = Base.lproj/Home.storyboard; sourceTree = "<group>"; };
		D04AAC341F3C364600D6D585 /* Me.storyboard */ = {isa = PBXFileReference; fileEncoding = 4; lastKnownFileType = file.storyboard; path = Me.storyboard; sourceTree = "<group>"; };
/* End PBXFileReference section */

/* Begin PBXFrameworksBuildPhase section */
		D04AABF21F3C303500D6D585 /* Frameworks */ = {
			isa = PBXFrameworksBuildPhase;
			buildActionMask = 2147483647;
			files = (
			);
			runOnlyForDeploymentPostprocessing = 0;
		};
		D04AAC0B1F3C303500D6D585 /* Frameworks */ = {
			isa = PBXFrameworksBuildPhase;
			buildActionMask = 2147483647;
			files = (
			);
			runOnlyForDeploymentPostprocessing = 0;
		};
		D04AAC161F3C303500D6D585 /* Frameworks */ = {
			isa = PBXFrameworksBuildPhase;
			buildActionMask = 2147483647;
			files = (
			);
			runOnlyForDeploymentPostprocessing = 0;
		};
/* End PBXFrameworksBuildPhase section */

/* Begin PBXGroup section */
		D04AABEC1F3C303500D6D585 = {
			isa = PBXGroup;
			children = (
				D04AABF71F3C303500D6D585 /* StoryboardDemo */,
				D04AAC111F3C303500D6D585 /* StoryboardDemoTests */,
				D04AAC1C1F3C303500D6D585 /* StoryboardDemoUITests */,
				D04AABF61F3C303500D6D585 /* Products */,
			);
			sourceTree = "<group>";
		};
		D04AABF61F3C303500D6D585 /* Products */ = {
			isa = PBXGroup;
			children = (
				D04AABF51F3C303500D6D585 /* StoryboardDemo.app */,
				D04AAC0E1F3C303500D6D585 /* StoryboardDemoTests.xctest */,
				D04AAC191F3C303500D6D585 /* StoryboardDemoUITests.xctest */,
			);
			name = Products;
			sourceTree = "<group>";
		};
		D04AABF71F3C303500D6D585 /* StoryboardDemo */ = {
			isa = PBXGroup;
			children = (
				D04AABFB1F3C303500D6D585 /* AppDelegate.h */,
				D04AABFC1F3C303500D6D585 /* AppDelegate.m */,
				D04AABFE1F3C303500D6D585 /* ViewController.h */,
				D04AABFF1F3C303500D6D585 /* ViewController.m */,
				D04AAC011F3C303500D6D585 /* Main.storyboard */,
				D04AAC341F3C364600D6D585 /* Me.storyboard */,
				D04AAC311F3C363100D6D585 /* Home.storyboard */,
				D04AAC041F3C303500D6D585 /* Assets.xcassets */,
				D04AAC061F3C303500D6D585 /* LaunchScreen.storyboard */,
				D04AAC091F3C303500D6D585 /* Info.plist */,
				D04AABF81F3C303500D6D585 /* Supporting Files */,
				D04AAC2B1F3C30BC00D6D585 /* JHSecondViewController.h */,
				D04AAC2C1F3C30BC00D6D585 /* JHSecondViewController.m */,
				D04AAC2E1F3C343A00D6D585 /* JHThirdViewController.h */,
				D04AAC2F1F3C343A00D6D585 /* JHThirdViewController.m */,
			);
			path = StoryboardDemo;
			sourceTree = "<group>";
		};
		D04AABF81F3C303500D6D585 /* Supporting Files */ = {
			isa = PBXGroup;
			children = (
				D04AABF91F3C303500D6D585 /* main.m */,
			);
			name = "Supporting Files";
			sourceTree = "<group>";
		};
		D04AAC111F3C303500D6D585 /* StoryboardDemoTests */ = {
			isa = PBXGroup;
			children = (
				D04AAC121F3C303500D6D585 /* StoryboardDemoTests.m */,
				D04AAC141F3C303500D6D585 /* Info.plist */,
			);
			path = StoryboardDemoTests;
			sourceTree = "<group>";
		};
		D04AAC1C1F3C303500D6D585 /* StoryboardDemoUITests */ = {
			isa = PBXGroup;
			children = (
				D04AAC1D1F3C303500D6D585 /* StoryboardDemoUITests.m */,
				D04AAC1F1F3C303500D6D585 /* Info.plist */,
			);
			path = StoryboardDemoUITests;
			sourceTree = "<group>";
		};
/* End PBXGroup section */

/* Begin PBXNativeTarget section */
		D04AABF41F3C303500D6D585 /* StoryboardDemo */ = {
			isa = PBXNativeTarget;
			buildConfigurationList = D04AAC221F3C303500D6D585 /* Build configuration list for PBXNativeTarget "StoryboardDemo" */;
			buildPhases = (
				D04AABF11F3C303500D6D585 /* Sources */,
				D04AABF21F3C303500D6D585 /* Frameworks */,
				D04AABF31F3C303500D6D585 /* Resources */,
			);
			buildRules = (
			);
			dependencies = (
			);
			name = StoryboardDemo;
			productName = StoryboardDemo;
			productReference = D04AABF51F3C303500D6D585 /* StoryboardDemo.app */;
			productType = "com.apple.product-type.application";
		};
		D04AAC0D1F3C303500D6D585 /* StoryboardDemoTests */ = {
			isa = PBXNativeTarget;
			buildConfigurationList = D04AAC251F3C303500D6D585 /* Build configuration list for PBXNativeTarget "StoryboardDemoTests" */;
			buildPhases = (
				D04AAC0A1F3C303500D6D585 /* Sources */,
				D04AAC0B1F3C303500D6D585 /* Frameworks */,
				D04AAC0C1F3C303500D6D585 /* Resources */,
			);
			buildRules = (
			);
			dependencies = (
				D04AAC101F3C303500D6D585 /* PBXTargetDependency */,
			);
			name = StoryboardDemoTests;
			productName = StoryboardDemoTests;
			productReference = D04AAC0E1F3C303500D6D585 /* StoryboardDemoTests.xctest */;
			productType = "com.apple.product-type.bundle.unit-test";
		};
		D04AAC181F3C303500D6D585 /* StoryboardDemoUITests */ = {
			isa = PBXNativeTarget;
			buildConfigurationList = D04AAC281F3C303500D6D585 /* Build configuration list for PBXNativeTarget "StoryboardDemoUITests" */;
			buildPhases = (
				D04AAC151F3C303500D6D585 /* Sources */,
				D04AAC161F3C303500D6D585 /* Frameworks */,
				D04AAC171F3C303500D6D585 /* Resources */,
			);
			buildRules = (
			);
			dependencies = (
				D04AAC1B1F3C303500D6D585 /* PBXTargetDependency */,
			);
			name = StoryboardDemoUITests;
			productName = StoryboardDemoUITests;
			productReference = D04AAC191F3C303500D6D585 /* StoryboardDemoUITests.xctest */;
			productType = "com.apple.product-type.bundle.ui-testing";
		};
/* End PBXNativeTarget section */

/* Begin PBXProject section */
		D04AABED1F3C303500D6D585 /* Project object */ = {
			isa = PBXProject;
			attributes = {
				LastUpgradeCheck = 0830;
				ORGANIZATIONNAME = Justin;
				TargetAttributes = {
					D04AABF41F3C303500D6D585 = {
						CreatedOnToolsVersion = 8.3.3;
						DevelopmentTeam = 5UB324DE42;
						ProvisioningStyle = Automatic;
					};
					D04AAC0D1F3C303500D6D585 = {
						CreatedOnToolsVersion = 8.3.3;
						DevelopmentTeam = 5UB324DE42;
						ProvisioningStyle = Automatic;
						TestTargetID = D04AABF41F3C303500D6D585;
					};
					D04AAC181F3C303500D6D585 = {
						CreatedOnToolsVersion = 8.3.3;
						DevelopmentTeam = 5UB324DE42;
						ProvisioningStyle = Automatic;
						TestTargetID = D04AABF41F3C303500D6D585;
					};
				};
			};
			buildConfigurationList = D04AABF01F3C303500D6D585 /* Build configuration list for PBXProject "StoryboardDemo" */;
			compatibilityVersion = "Xcode 3.2";
			developmentRegion = English;
			hasScannedForEncodings = 0;
			knownRegions = (
				en,
				Base,
			);
			mainGroup = D04AABEC1F3C303500D6D585;
			productRefGroup = D04AABF61F3C303500D6D585 /* Products */;
			projectDirPath = "";
			projectRoot = "";
			targets = (
				D04AABF41F3C303500D6D585 /* StoryboardDemo */,
				D04AAC0D1F3C303500D6D585 /* StoryboardDemoTests */,
				D04AAC181F3C303500D6D585 /* StoryboardDemoUITests */,
			);
		};
/* End PBXProject section */

/* Begin PBXResourcesBuildPhase section */
		D04AABF31F3C303500D6D585 /* Resources */ = {
			isa = PBXResourcesBuildPhase;
			buildActionMask = 2147483647;
			files = (
				D04AAC081F3C303500D6D585 /* LaunchScreen.storyboard in Resources */,
				D04AAC051F3C303500D6D585 /* Assets.xcassets in Resources */,
				D04AAC351F3C364600D6D585 /* Me.storyboard in Resources */,
				D04AAC031F3C303500D6D585 /* Main.storyboard in Resources */,
				D04AAC331F3C363100D6D585 /* Home.storyboard in Resources */,
			);
			runOnlyForDeploymentPostprocessing = 0;
		};
		D04AAC0C1F3C303500D6D585 /* Resources */ = {
			isa = PBXResourcesBuildPhase;
			buildActionMask = 2147483647;
			files = (
			);
			runOnlyForDeploymentPostprocessing = 0;
		};
		D04AAC171F3C303500D6D585 /* Resources */ = {
			isa = PBXResourcesBuildPhase;
			buildActionMask = 2147483647;
			files = (
			);
			runOnlyForDeploymentPostprocessing = 0;
		};
/* End PBXResourcesBuildPhase section */

/* Begin PBXSourcesBuildPhase section */
		D04AABF11F3C303500D6D585 /* Sources */ = {
			isa = PBXSourcesBuildPhase;
			buildActionMask = 2147483647;
			files = (
				D04AAC2D1F3C30BC00D6D585 /* JHSecondViewController.m in Sources */,
				D04AAC001F3C303500D6D585 /* ViewController.m in Sources */,
				D04AABFD1F3C303500D6D585 /* AppDelegate.m in Sources */,
				D04AABFA1F3C303500D6D585 /* main.m in Sources */,
				D04AAC301F3C343A00D6D585 /* JHThirdViewController.m in Sources */,
			);
			runOnlyForDeploymentPostprocessing = 0;
		};
		D04AAC0A1F3C303500D6D585 /* Sources */ = {
			isa = PBXSourcesBuildPhase;
			buildActionMask = 2147483647;
			files = (
				D04AAC131F3C303500D6D585 /* StoryboardDemoTests.m in Sources */,
			);
			runOnlyForDeploymentPostprocessing = 0;
		};
		D04AAC151F3C303500D6D585 /* Sources */ = {
			isa = PBXSourcesBuildPhase;
			buildActionMask = 2147483647;
			files = (
				D04AAC1E1F3C303500D6D585 /* StoryboardDemoUITests.m in Sources */,
			);
			runOnlyForDeploymentPostprocessing = 0;
		};
/* End PBXSourcesBuildPhase section */

/* Begin PBXTargetDependency section */
		D04AAC101F3C303500D6D585 /* PBXTargetDependency */ = {
			isa = PBXTargetDependency;
			target = D04AABF41F3C303500D6D585 /* StoryboardDemo */;
			targetProxy = D04AAC0F1F3C303500D6D585 /* PBXContainerItemProxy */;
		};
		D04AAC1B1F3C303500D6D585 /* PBXTargetDependency */ = {
			isa = PBXTargetDependency;
			target = D04AABF41F3C303500D6D585 /* StoryboardDemo */;
			targetProxy = D04AAC1A1F3C303500D6D585 /* PBXContainerItemProxy */;
		};
/* End PBXTargetDependency section */

/* Begin PBXVariantGroup section */
		D04AAC011F3C303500D6D585 /* Main.storyboard */ = {
			isa = PBXVariantGroup;
			children = (
				D04AAC021F3C303500D6D585 /* Base */,
			);
			name = Main.storyboard;
			sourceTree = "<group>";
		};
		D04AAC061F3C303500D6D585 /* LaunchScreen.storyboard */ = {
			isa = PBXVariantGroup;
			children = (
				D04AAC071F3C303500D6D585 /* Base */,
			);
			name = LaunchScreen.storyboard;
			sourceTree = "<group>";
		};
		D04AAC311F3C363100D6D585 /* Home.storyboard */ = {
			isa = PBXVariantGroup;
			children = (
				D04AAC321F3C363100D6D585 /* Base */,
			);
			name = Home.storyboard;
			sourceTree = "<group>";
		};
/* End PBXVariantGroup section */

/* Begin XCBuildConfiguration section */
		D04AAC201F3C303500D6D585 /* Debug */ = {
			isa = XCBuildConfiguration;
			buildSettings = {
				ALWAYS_SEARCH_USER_PATHS = NO;
				CLANG_ANALYZER_NONNULL = YES;
				CLANG_ANALYZER_NUMBER_OBJECT_CONVERSION = YES_AGGRESSIVE;
				CLANG_CXX_LANGUAGE_STANDARD = "gnu++0x";
				CLANG_CXX_LIBRARY = "libc++";
				CLANG_ENABLE_MODULES = YES;
				CLANG_ENABLE_OBJC_ARC = YES;
				CLANG_WARN_BOOL_CONVERSION = YES;
				CLANG_WARN_CONSTANT_CONVERSION = YES;
				CLANG_WARN_DIRECT_OBJC_ISA_USAGE = YES_ERROR;
				CLANG_WARN_DOCUMENTATION_COMMENTS = YES;
				CLANG_WARN_EMPTY_BODY = YES;
				CLANG_WARN_ENUM_CONVERSION = YES;
				CLANG_WARN_INFINITE_RECURSION = YES;
				CLANG_WARN_INT_CONVERSION = YES;
				CLANG_WARN_OBJC_ROOT_CLASS = YES_ERROR;
				CLANG_WARN_SUSPICIOUS_MOVE = YES;
				CLANG_WARN_UNREACHABLE_CODE = YES;
				CLANG_WARN__DUPLICATE_METHOD_MATCH = YES;
				"CODE_SIGN_IDENTITY[sdk=iphoneos*]" = "iPhone Developer";
				COPY_PHASE_STRIP = NO;
				DEBUG_INFORMATION_FORMAT = dwarf;
				ENABLE_STRICT_OBJC_MSGSEND = YES;
				ENABLE_TESTABILITY = YES;
				GCC_C_LANGUAGE_STANDARD = gnu99;
				GCC_DYNAMIC_NO_PIC = NO;
				GCC_NO_COMMON_BLOCKS = YES;
				GCC_OPTIMIZATION_LEVEL = 0;
				GCC_PREPROCESSOR_DEFINITIONS = (
					"DEBUG=1",
					"$(inherited)",
				);
				GCC_WARN_64_TO_32_BIT_CONVERSION = YES;
				GCC_WARN_ABOUT_RETURN_TYPE = YES_ERROR;
				GCC_WARN_UNDECLARED_SELECTOR = YES;
				GCC_WARN_UNINITIALIZED_AUTOS = YES_AGGRESSIVE;
				GCC_WARN_UNUSED_FUNCTION = YES;
				GCC_WARN_UNUSED_VARIABLE = YES;
				IPHONEOS_DEPLOYMENT_TARGET = 10.3;
				MTL_ENABLE_DEBUG_INFO = YES;
				ONLY_ACTIVE_ARCH = YES;
				SDKROOT = iphoneos;
			};
			name = Debug;
		};
		D04AAC211F3C303500D6D585 /* Release */ = {
			isa = XCBuildConfiguration;
			buildSettings = {
				ALWAYS_SEARCH_USER_PATHS = NO;
				CLANG_ANALYZER_NONNULL = YES;
				CLANG_ANALYZER_NUMBER_OBJECT_CONVERSION = YES_AGGRESSIVE;
				CLANG_CXX_LANGUAGE_STANDARD = "gnu++0x";
				CLANG_CXX_LIBRARY = "libc++";
				CLANG_ENABLE_MODULES = YES;
				CLANG_ENABLE_OBJC_ARC = YES;
				CLANG_WARN_BOOL_CONVERSION = YES;
				CLANG_WARN_CONSTANT_CONVERSION = YES;
				CLANG_WARN_DIRECT_OBJC_ISA_USAGE = YES_ERROR;
				CLANG_WARN_DOCUMENTATION_COMMENTS = YES;
				CLANG_WARN_EMPTY_BODY = YES;
				CLANG_WARN_ENUM_CONVERSION = YES;
				CLANG_WARN_INFINITE_RECURSION = YES;
				CLANG_WARN_INT_CONVERSION = YES;
				CLANG_WARN_OBJC_ROOT_CLASS = YES_ERROR;
				CLANG_WARN_SUSPICIOUS_MOVE = YES;
				CLANG_WARN_UNREACHABLE_CODE = YES;
				CLANG_WARN__DUPLICATE_METHOD_MATCH = YES;
				"CODE_SIGN_IDENTITY[sdk=iphoneos*]" = "iPhone Developer";
				COPY_PHASE_STRIP = NO;
				DEBUG_INFORMATION_FORMAT = "dwarf-with-dsym";
				ENABLE_NS_ASSERTIONS = NO;
				ENABLE_STRICT_OBJC_MSGSEND = YES;
				GCC_C_LANGUAGE_STANDARD = gnu99;
				GCC_NO_COMMON_BLOCKS = YES;
				GCC_WARN_64_TO_32_BIT_CONVERSION = YES;
				GCC_WARN_ABOUT_RETURN_TYPE = YES_ERROR;
				GCC_WARN_UNDECLARED_SELECTOR = YES;
				GCC_WARN_UNINITIALIZED_AUTOS = YES_AGGRESSIVE;
				GCC_WARN_UNUSED_FUNCTION = YES;
				GCC_WARN_UNUSED_VARIABLE = YES;
				IPHONEOS_DEPLOYMENT_TARGET = 10.3;
				MTL_ENABLE_DEBUG_INFO = NO;
				SDKROOT = iphoneos;
				VALIDATE_PRODUCT = YES;
			};
			name = Release;
		};
		D04AAC231F3C303500D6D585 /* Debug */ = {
			isa = XCBuildConfiguration;
			buildSettings = {
				ASSETCATALOG_COMPILER_APPICON_NAME = AppIcon;
				DEVELOPMENT_TEAM = 5UB324DE42;
				INFOPLIST_FILE = StoryboardDemo/Info.plist;
				LD_RUNPATH_SEARCH_PATHS = "$(inherited) @executable_path/Frameworks";
				PRODUCT_BUNDLE_IDENTIFIER = com.Justin.StoryboardDemo;
				PRODUCT_NAME = "$(TARGET_NAME)";
			};
			name = Debug;
		};
		D04AAC241F3C303500D6D585 /* Release */ = {
			isa = XCBuildConfiguration;
			buildSettings = {
				ASSETCATALOG_COMPILER_APPICON_NAME = AppIcon;
				DEVELOPMENT_TEAM = 5UB324DE42;
				INFOPLIST_FILE = StoryboardDemo/Info.plist;
				LD_RUNPATH_SEARCH_PATHS = "$(inherited) @executable_path/Frameworks";
				PRODUCT_BUNDLE_IDENTIFIER = com.Justin.StoryboardDemo;
				PRODUCT_NAME = "$(TARGET_NAME)";
			};
			name = Release;
		};
		D04AAC261F3C303500D6D585 /* Debug */ = {
			isa = XCBuildConfiguration;
			buildSettings = {
				BUNDLE_LOADER = "$(TEST_HOST)";
				DEVELOPMENT_TEAM = 5UB324DE42;
				INFOPLIST_FILE = StoryboardDemoTests/Info.plist;
				LD_RUNPATH_SEARCH_PATHS = "$(inherited) @executable_path/Frameworks @loader_path/Frameworks";
				PRODUCT_BUNDLE_IDENTIFIER = com.Justin.StoryboardDemoTests;
				PRODUCT_NAME = "$(TARGET_NAME)";
				TEST_HOST = "$(BUILT_PRODUCTS_DIR)/StoryboardDemo.app/StoryboardDemo";
			};
			name = Debug;
		};
		D04AAC271F3C303500D6D585 /* Release */ = {
			isa = XCBuildConfiguration;
			buildSettings = {
				BUNDLE_LOADER = "$(TEST_HOST)";
				DEVELOPMENT_TEAM = 5UB324DE42;
				INFOPLIST_FILE = StoryboardDemoTests/Info.plist;
				LD_RUNPATH_SEARCH_PATHS = "$(inherited) @executable_path/Frameworks @loader_path/Frameworks";
				PRODUCT_BUNDLE_IDENTIFIER = com.Justin.StoryboardDemoTests;
				PRODUCT_NAME = "$(TARGET_NAME)";
				TEST_HOST = "$(BUILT_PRODUCTS_DIR)/StoryboardDemo.app/StoryboardDemo";
			};
			name = Release;
		};
		D04AAC291F3C303500D6D585 /* Debug */ = {
			isa = XCBuildConfiguration;
			buildSettings = {
				DEVELOPMENT_TEAM = 5UB324DE42;
				INFOPLIST_FILE = StoryboardDemoUITests/Info.plist;
				LD_RUNPATH_SEARCH_PATHS = "$(inherited) @executable_path/Frameworks @loader_path/Frameworks";
				PRODUCT_BUNDLE_IDENTIFIER = com.Justin.StoryboardDemoUITests;
				PRODUCT_NAME = "$(TARGET_NAME)";
				TEST_TARGET_NAME = StoryboardDemo;
			};
			name = Debug;
		};
		D04AAC2A1F3C303500D6D585 /* Release */ = {
			isa = XCBuildConfiguration;
			buildSettings = {
				DEVELOPMENT_TEAM = 5UB324DE42;
				INFOPLIST_FILE = StoryboardDemoUITests/Info.plist;
				LD_RUNPATH_SEARCH_PATHS = "$(inherited) @executable_path/Frameworks @loader_path/Frameworks";
				PRODUCT_BUNDLE_IDENTIFIER = com.Justin.StoryboardDemoUITests;
				PRODUCT_NAME = "$(TARGET_NAME)";
				TEST_TARGET_NAME = StoryboardDemo;
			};
			name = Release;
		};
/* End XCBuildConfiguration section */

/* Begin XCConfigurationList section */
		D04AABF01F3C303500D6D585 /* Build configuration list for PBXProject "StoryboardDemo" */ = {
			isa = XCConfigurationList;
			buildConfigurations = (
				D04AAC201F3C303500D6D585 /* Debug */,
				D04AAC211F3C303500D6D585 /* Release */,
			);
			defaultConfigurationIsVisible = 0;
			defaultConfigurationName = Release;
		};
		D04AAC221F3C303500D6D585 /* Build configuration list for PBXNativeTarget "StoryboardDemo" */ = {
			isa = XCConfigurationList;
			buildConfigurations = (
				D04AAC231F3C303500D6D585 /* Debug */,
				D04AAC241F3C303500D6D585 /* Release */,
			);
			defaultConfigurationIsVisible = 0;
		};
		D04AAC251F3C303500D6D585 /* Build configuration list for PBXNativeTarget "StoryboardDemoTests" */ = {
			isa = XCConfigurationList;
			buildConfigurations = (
				D04AAC261F3C303500D6D585 /* Debug */,
				D04AAC271F3C303500D6D585 /* Release */,
			);
			defaultConfigurationIsVisible = 0;
		};
		D04AAC281F3C303500D6D585 /* Build configuration list for PBXNativeTarget "StoryboardDemoUITests" */ = {
			isa = XCConfigurationList;
			buildConfigurations = (
				D04AAC291F3C303500D6D585 /* Debug */,
				D04AAC2A1F3C303500D6D585 /* Release */,
			);
			defaultConfigurationIsVisible = 0;
		};
/* End XCConfigurationList section */
	};
	rootObject = D04AABED1F3C303500D6D585 /* Project object */;
}
