// !$*UTF8*$!
{
	archiveVersion = 1;
	classes = {
	};
	objectVersion = 46;
	objects = {

/* Begin PBXBuildFile section */
		D056E4A71EDC0740006205BE /* main.m in Sources */ = {isa = PBXBuildFile; fileRef = D056E4A61EDC0740006205BE /* main.m */; };
		D056E4AA1EDC0740006205BE /* AppDelegate.m in Sources */ = {isa = PBXBuildFile; fileRef = D056E4A91EDC0740006205BE /* AppDelegate.m */; };
		D056E4B21EDC0741006205BE /* Assets.xcassets in Resources */ = {isa = PBXBuildFile; fileRef = D056E4B11EDC0741006205BE /* Assets.xcassets */; };
		D056E4C01EDC0741006205BE /* StoryBoard_DemoTests.m in Sources */ = {isa = PBXBuildFile; fileRef = D056E4BF1EDC0741006205BE /* StoryBoard_DemoTests.m */; };
		D056E4CB1EDC0741006205BE /* StoryBoard_DemoUITests.m in Sources */ = {isa = PBXBuildFile; fileRef = D056E4CA1EDC0741006205BE /* StoryBoard_DemoUITests.m */; };
		D056E4DB1EDC07FB006205BE /* JHFirstViewController.m in Sources */ = {isa = PBXBuildFile; fileRef = D056E4D91EDC07FB006205BE /* JHFirstViewController.m */; };
		D056E4DC1EDC07FB006205BE /* JHFirstViewController.xib in Resources */ = {isa = PBXBuildFile; fileRef = D056E4DA1EDC07FB006205BE /* JHFirstViewController.xib */; };
/* End PBXBuildFile section */

/* Begin PBXContainerItemProxy section */
		D056E4BC1EDC0741006205BE /* PBXContainerItemProxy */ = {
			isa = PBXContainerItemProxy;
			containerPortal = D056E49A1EDC0740006205BE /* Project object */;
			proxyType = 1;
			remoteGlobalIDString = D056E4A11EDC0740006205BE;
			remoteInfo = "StoryBoard-Demo";
		};
		D056E4C71EDC0741006205BE /* PBXContainerItemProxy */ = {
			isa = PBXContainerItemProxy;
			containerPortal = D056E49A1EDC0740006205BE /* Project object */;
			proxyType = 1;
			remoteGlobalIDString = D056E4A11EDC0740006205BE;
			remoteInfo = "StoryBoard-Demo";
		};
/* End PBXContainerItemProxy section */

/* Begin PBXFileReference section */
		D056E4A21EDC0740006205BE /* StoryBoard-Demo.app */ = {isa = PBXFileReference; explicitFileType = wrapper.application; includeInIndex = 0; path = "StoryBoard-Demo.app"; sourceTree = BUILT_PRODUCTS_DIR; };
		D056E4A61EDC0740006205BE /* main.m */ = {isa = PBXFileReference; lastKnownFileType = sourcecode.c.objc; path = main.m; sourceTree = "<group>"; };
		D056E4A81EDC0740006205BE /* AppDelegate.h */ = {isa = PBXFileReference; lastKnownFileType = sourcecode.c.h; path = AppDelegate.h; sourceTree = "<group>"; };
		D056E4A91EDC0740006205BE /* AppDelegate.m */ = {isa = PBXFileReference; lastKnownFileType = sourcecode.c.objc; path = AppDelegate.m; sourceTree = "<group>"; };
		D056E4B11EDC0741006205BE /* Assets.xcassets */ = {isa = PBXFileReference; lastKnownFileType = folder.assetcatalog; path = Assets.xcassets; sourceTree = "<group>"; };
		D056E4B61EDC0741006205BE /* Info.plist */ = {isa = PBXFileReference; lastKnownFileType = text.plist.xml; path = Info.plist; sourceTree = "<group>"; };
		D056E4BB1EDC0741006205BE /* StoryBoard-DemoTests.xctest */ = {isa = PBXFileReference; explicitFileType = wrapper.cfbundle; includeInIndex = 0; path = "StoryBoard-DemoTests.xctest"; sourceTree = BUILT_PRODUCTS_DIR; };
		D056E4BF1EDC0741006205BE /* StoryBoard_DemoTests.m */ = {isa = PBXFileReference; lastKnownFileType = sourcecode.c.objc; path = StoryBoard_DemoTests.m; sourceTree = "<group>"; };
		D056E4C11EDC0741006205BE /* Info.plist */ = {isa = PBXFileReference; lastKnownFileType = text.plist.xml; path = Info.plist; sourceTree = "<group>"; };
		D056E4C61EDC0741006205BE /* StoryBoard-DemoUITests.xctest */ = {isa = PBXFileReference; explicitFileType = wrapper.cfbundle; includeInIndex = 0; path = "StoryBoard-DemoUITests.xctest"; sourceTree = BUILT_PRODUCTS_DIR; };
		D056E4CA1EDC0741006205BE /* StoryBoard_DemoUITests.m */ = {isa = PBXFileReference; lastKnownFileType = sourcecode.c.objc; path = StoryBoard_DemoUITests.m; sourceTree = "<group>"; };
		D056E4CC1EDC0741006205BE /* Info.plist */ = {isa = PBXFileReference; lastKnownFileType = text.plist.xml; path = Info.plist; sourceTree = "<group>"; };
		D056E4D81EDC07FB006205BE /* JHFirstViewController.h */ = {isa = PBXFileReference; fileEncoding = 4; lastKnownFileType = sourcecode.c.h; path = JHFirstViewController.h; sourceTree = "<group>"; };
		D056E4D91EDC07FB006205BE /* JHFirstViewController.m */ = {isa = PBXFileReference; fileEncoding = 4; lastKnownFileType = sourcecode.c.objc; path = JHFirstViewController.m; sourceTree = "<group>"; };
		D056E4DA1EDC07FB006205BE /* JHFirstViewController.xib */ = {isa = PBXFileReference; fileEncoding = 4; lastKnownFileType = file.xib; path = JHFirstViewController.xib; sourceTree = "<group>"; };
/* End PBXFileReference section */

/* Begin PBXFrameworksBuildPhase section */
		D056E49F1EDC0740006205BE /* Frameworks */ = {
			isa = PBXFrameworksBuildPhase;
			buildActionMask = 2147483647;
			files = (
			);
			runOnlyForDeploymentPostprocessing = 0;
		};
		D056E4B81EDC0741006205BE /* Frameworks */ = {
			isa = PBXFrameworksBuildPhase;
			buildActionMask = 2147483647;
			files = (
			);
			runOnlyForDeploymentPostprocessing = 0;
		};
		D056E4C31EDC0741006205BE /* Frameworks */ = {
			isa = PBXFrameworksBuildPhase;
			buildActionMask = 2147483647;
			files = (
			);
			runOnlyForDeploymentPostprocessing = 0;
		};
/* End PBXFrameworksBuildPhase section */

/* Begin PBXGroup section */
		D056E4991EDC0740006205BE = {
			isa = PBXGroup;
			children = (
				D056E4A41EDC0740006205BE /* StoryBoard-Demo */,
				D056E4BE1EDC0741006205BE /* StoryBoard-DemoTests */,
				D056E4C91EDC0741006205BE /* StoryBoard-DemoUITests */,
				D056E4A31EDC0740006205BE /* Products */,
			);
			sourceTree = "<group>";
		};
		D056E4A31EDC0740006205BE /* Products */ = {
			isa = PBXGroup;
			children = (
				D056E4A21EDC0740006205BE /* StoryBoard-Demo.app */,
				D056E4BB1EDC0741006205BE /* StoryBoard-DemoTests.xctest */,
				D056E4C61EDC0741006205BE /* StoryBoard-DemoUITests.xctest */,
			);
			name = Products;
			sourceTree = "<group>";
		};
		D056E4A41EDC0740006205BE /* StoryBoard-Demo */ = {
			isa = PBXGroup;
			children = (
				D056E4DE1EDC080A006205BE /* Other */,
				D056E4DD1EDC0801006205BE /* Class */,
				D056E4A51EDC0740006205BE /* Supporting Files */,
			);
			path = "StoryBoard-Demo";
			sourceTree = "<group>";
		};
		D056E4A51EDC0740006205BE /* Supporting Files */ = {
			isa = PBXGroup;
			children = (
				D056E4A61EDC0740006205BE /* main.m */,
			);
			name = "Supporting Files";
			sourceTree = "<group>";
		};
		D056E4BE1EDC0741006205BE /* StoryBoard-DemoTests */ = {
			isa = PBXGroup;
			children = (
				D056E4BF1EDC0741006205BE /* StoryBoard_DemoTests.m */,
				D056E4C11EDC0741006205BE /* Info.plist */,
			);
			path = "StoryBoard-DemoTests";
			sourceTree = "<group>";
		};
		D056E4C91EDC0741006205BE /* StoryBoard-DemoUITests */ = {
			isa = PBXGroup;
			children = (
				D056E4CA1EDC0741006205BE /* StoryBoard_DemoUITests.m */,
				D056E4CC1EDC0741006205BE /* Info.plist */,
			);
			path = "StoryBoard-DemoUITests";
			sourceTree = "<group>";
		};
		D056E4DD1EDC0801006205BE /* Class */ = {
			isa = PBXGroup;
			children = (
				D056E4D81EDC07FB006205BE /* JHFirstViewController.h */,
				D056E4D91EDC07FB006205BE /* JHFirstViewController.m */,
				D056E4DA1EDC07FB006205BE /* JHFirstViewController.xib */,
			);
			name = Class;
			sourceTree = "<group>";
		};
		D056E4DE1EDC080A006205BE /* Other */ = {
			isa = PBXGroup;
			children = (
				D056E4A81EDC0740006205BE /* AppDelegate.h */,
				D056E4A91EDC0740006205BE /* AppDelegate.m */,
				D056E4B11EDC0741006205BE /* Assets.xcassets */,
				D056E4B61EDC0741006205BE /* Info.plist */,
			);
			name = Other;
			sourceTree = "<group>";
		};
/* End PBXGroup section */

/* Begin PBXNativeTarget section */
		D056E4A11EDC0740006205BE /* StoryBoard-Demo */ = {
			isa = PBXNativeTarget;
			buildConfigurationList = D056E4CF1EDC0741006205BE /* Build configuration list for PBXNativeTarget "StoryBoard-Demo" */;
			buildPhases = (
				D056E49E1EDC0740006205BE /* Sources */,
				D056E49F1EDC0740006205BE /* Frameworks */,
				D056E4A01EDC0740006205BE /* Resources */,
			);
			buildRules = (
			);
			dependencies = (
			);
			name = "StoryBoard-Demo";
			productName = "StoryBoard-Demo";
			productReference = D056E4A21EDC0740006205BE /* StoryBoard-Demo.app */;
			productType = "com.apple.product-type.application";
		};
		D056E4BA1EDC0741006205BE /* StoryBoard-DemoTests */ = {
			isa = PBXNativeTarget;
			buildConfigurationList = D056E4D21EDC0741006205BE /* Build configuration list for PBXNativeTarget "StoryBoard-DemoTests" */;
			buildPhases = (
				D056E4B71EDC0741006205BE /* Sources */,
				D056E4B81EDC0741006205BE /* Frameworks */,
				D056E4B91EDC0741006205BE /* Resources */,
			);
			buildRules = (
			);
			dependencies = (
				D056E4BD1EDC0741006205BE /* PBXTargetDependency */,
			);
			name = "StoryBoard-DemoTests";
			productName = "StoryBoard-DemoTests";
			productReference = D056E4BB1EDC0741006205BE /* StoryBoard-DemoTests.xctest */;
			productType = "com.apple.product-type.bundle.unit-test";
		};
		D056E4C51EDC0741006205BE /* StoryBoard-DemoUITests */ = {
			isa = PBXNativeTarget;
			buildConfigurationList = D056E4D51EDC0741006205BE /* Build configuration list for PBXNativeTarget "StoryBoard-DemoUITests" */;
			buildPhases = (
				D056E4C21EDC0741006205BE /* Sources */,
				D056E4C31EDC0741006205BE /* Frameworks */,
				D056E4C41EDC0741006205BE /* Resources */,
			);
			buildRules = (
			);
			dependencies = (
				D056E4C81EDC0741006205BE /* PBXTargetDependency */,
			);
			name = "StoryBoard-DemoUITests";
			productName = "StoryBoard-DemoUITests";
			productReference = D056E4C61EDC0741006205BE /* StoryBoard-DemoUITests.xctest */;
			productType = "com.apple.product-type.bundle.ui-testing";
		};
/* End PBXNativeTarget section */

/* Begin PBXProject section */
		D056E49A1EDC0740006205BE /* Project object */ = {
			isa = PBXProject;
			attributes = {
				CLASSPREFIX = JH;
				LastUpgradeCheck = 0830;
				ORGANIZATIONNAME = justin;
				TargetAttributes = {
					D056E4A11EDC0740006205BE = {
						CreatedOnToolsVersion = 8.3.2;
						DevelopmentTeam = 5UB324DE42;
						ProvisioningStyle = Automatic;
					};
					D056E4BA1EDC0741006205BE = {
						CreatedOnToolsVersion = 8.3.2;
						DevelopmentTeam = 5UB324DE42;
						ProvisioningStyle = Automatic;
						TestTargetID = D056E4A11EDC0740006205BE;
					};
					D056E4C51EDC0741006205BE = {
						CreatedOnToolsVersion = 8.3.2;
						DevelopmentTeam = 5UB324DE42;
						ProvisioningStyle = Automatic;
						TestTargetID = D056E4A11EDC0740006205BE;
					};
				};
			};
			buildConfigurationList = D056E49D1EDC0740006205BE /* Build configuration list for PBXProject "StoryBoard-Demo" */;
			compatibilityVersion = "Xcode 3.2";
			developmentRegion = English;
			hasScannedForEncodings = 0;
			knownRegions = (
				en,
				Base,
			);
			mainGroup = D056E4991EDC0740006205BE;
			productRefGroup = D056E4A31EDC0740006205BE /* Products */;
			projectDirPath = "";
			projectRoot = "";
			targets = (
				D056E4A11EDC0740006205BE /* StoryBoard-Demo */,
				D056E4BA1EDC0741006205BE /* StoryBoard-DemoTests */,
				D056E4C51EDC0741006205BE /* StoryBoard-DemoUITests */,
			);
		};
/* End PBXProject section */

/* Begin PBXResourcesBuildPhase section */
		D056E4A01EDC0740006205BE /* Resources */ = {
			isa = PBXResourcesBuildPhase;
			buildActionMask = 2147483647;
			files = (
				D056E4B21EDC0741006205BE /* Assets.xcassets in Resources */,
				D056E4DC1EDC07FB006205BE /* JHFirstViewController.xib in Resources */,
			);
			runOnlyForDeploymentPostprocessing = 0;
		};
		D056E4B91EDC0741006205BE /* Resources */ = {
			isa = PBXResourcesBuildPhase;
			buildActionMask = 2147483647;
			files = (
			);
			runOnlyForDeploymentPostprocessing = 0;
		};
		D056E4C41EDC0741006205BE /* Resources */ = {
			isa = PBXResourcesBuildPhase;
			buildActionMask = 2147483647;
			files = (
			);
			runOnlyForDeploymentPostprocessing = 0;
		};
/* End PBXResourcesBuildPhase section */

/* Begin PBXSourcesBuildPhase section */
		D056E49E1EDC0740006205BE /* Sources */ = {
			isa = PBXSourcesBuildPhase;
			buildActionMask = 2147483647;
			files = (
				D056E4AA1EDC0740006205BE /* AppDelegate.m in Sources */,
				D056E4A71EDC0740006205BE /* main.m in Sources */,
				D056E4DB1EDC07FB006205BE /* JHFirstViewController.m in Sources */,
			);
			runOnlyForDeploymentPostprocessing = 0;
		};
		D056E4B71EDC0741006205BE /* Sources */ = {
			isa = PBXSourcesBuildPhase;
			buildActionMask = 2147483647;
			files = (
				D056E4C01EDC0741006205BE /* StoryBoard_DemoTests.m in Sources */,
			);
			runOnlyForDeploymentPostprocessing = 0;
		};
		D056E4C21EDC0741006205BE /* Sources */ = {
			isa = PBXSourcesBuildPhase;
			buildActionMask = 2147483647;
			files = (
				D056E4CB1EDC0741006205BE /* StoryBoard_DemoUITests.m in Sources */,
			);
			runOnlyForDeploymentPostprocessing = 0;
		};
/* End PBXSourcesBuildPhase section */

/* Begin PBXTargetDependency section */
		D056E4BD1EDC0741006205BE /* PBXTargetDependency */ = {
			isa = PBXTargetDependency;
			target = D056E4A11EDC0740006205BE /* StoryBoard-Demo */;
			targetProxy = D056E4BC1EDC0741006205BE /* PBXContainerItemProxy */;
		};
		D056E4C81EDC0741006205BE /* PBXTargetDependency */ = {
			isa = PBXTargetDependency;
			target = D056E4A11EDC0740006205BE /* StoryBoard-Demo */;
			targetProxy = D056E4C71EDC0741006205BE /* PBXContainerItemProxy */;
		};
/* End PBXTargetDependency section */

/* Begin XCBuildConfiguration section */
		D056E4CD1EDC0741006205BE /* Debug */ = {
			isa = XCBuildConfiguration;
			buildSettings = {
				ALWAYS_SEARCH_USER_PATHS = NO;
				CLANG_ANALYZER_NONNULL = YES;
				CLANG_ANALYZER_NUMBER_OBJECT_CONVERSION = YES_AGGRESSIVE;
				CLANG_CXX_LANGUAGE_STANDARD = "gnu++0x";
				CLANG_CXX_LIBRARY = "libc++";
				CLANG_ENABLE_MODULES = YES;
				CLANG_ENABLE_OBJC_ARC = YES;
				CLANG_WARN_BOOL_CONVERSION = YES;
				CLANG_WARN_CONSTANT_CONVERSION = YES;
				CLANG_WARN_DIRECT_OBJC_ISA_USAGE = YES_ERROR;
				CLANG_WARN_DOCUMENTATION_COMMENTS = YES;
				CLANG_WARN_EMPTY_BODY = YES;
				CLANG_WARN_ENUM_CONVERSION = YES;
				CLANG_WARN_INFINITE_RECURSION = YES;
				CLANG_WARN_INT_CONVERSION = YES;
				CLANG_WARN_OBJC_ROOT_CLASS = YES_ERROR;
				CLANG_WARN_SUSPICIOUS_MOVE = YES;
				CLANG_WARN_UNREACHABLE_CODE = YES;
				CLANG_WARN__DUPLICATE_METHOD_MATCH = YES;
				"CODE_SIGN_IDENTITY[sdk=iphoneos*]" = "iPhone Developer";
				COPY_PHASE_STRIP = NO;
				DEBUG_INFORMATION_FORMAT = dwarf;
				ENABLE_STRICT_OBJC_MSGSEND = YES;
				ENABLE_TESTABILITY = YES;
				GCC_C_LANGUAGE_STANDARD = gnu99;
				GCC_DYNAMIC_NO_PIC = NO;
				GCC_NO_COMMON_BLOCKS = YES;
				GCC_OPTIMIZATION_LEVEL = 0;
				GCC_PREPROCESSOR_DEFINITIONS = (
					"DEBUG=1",
					"$(inherited)",
				);
				GCC_WARN_64_TO_32_BIT_CONVERSION = YES;
				GCC_WARN_ABOUT_RETURN_TYPE = YES_ERROR;
				GCC_WARN_UNDECLARED_SELECTOR = YES;
				GCC_WARN_UNINITIALIZED_AUTOS = YES_AGGRESSIVE;
				GCC_WARN_UNUSED_FUNCTION = YES;
				GCC_WARN_UNUSED_VARIABLE = YES;
				IPHONEOS_DEPLOYMENT_TARGET = 10.3;
				MTL_ENABLE_DEBUG_INFO = YES;
				ONLY_ACTIVE_ARCH = YES;
				SDKROOT = iphoneos;
			};
			name = Debug;
		};
		D056E4CE1EDC0741006205BE /* Release */ = {
			isa = XCBuildConfiguration;
			buildSettings = {
				ALWAYS_SEARCH_USER_PATHS = NO;
				CLANG_ANALYZER_NONNULL = YES;
				CLANG_ANALYZER_NUMBER_OBJECT_CONVERSION = YES_AGGRESSIVE;
				CLANG_CXX_LANGUAGE_STANDARD = "gnu++0x";
				CLANG_CXX_LIBRARY = "libc++";
				CLANG_ENABLE_MODULES = YES;
				CLANG_ENABLE_OBJC_ARC = YES;
				CLANG_WARN_BOOL_CONVERSION = YES;
				CLANG_WARN_CONSTANT_CONVERSION = YES;
				CLANG_WARN_DIRECT_OBJC_ISA_USAGE = YES_ERROR;
				CLANG_WARN_DOCUMENTATION_COMMENTS = YES;
				CLANG_WARN_EMPTY_BODY = YES;
				CLANG_WARN_ENUM_CONVERSION = YES;
				CLANG_WARN_INFINITE_RECURSION = YES;
				CLANG_WARN_INT_CONVERSION = YES;
				CLANG_WARN_OBJC_ROOT_CLASS = YES_ERROR;
				CLANG_WARN_SUSPICIOUS_MOVE = YES;
				CLANG_WARN_UNREACHABLE_CODE = YES;
				CLANG_WARN__DUPLICATE_METHOD_MATCH = YES;
				"CODE_SIGN_IDENTITY[sdk=iphoneos*]" = "iPhone Developer";
				COPY_PHASE_STRIP = NO;
				DEBUG_INFORMATION_FORMAT = "dwarf-with-dsym";
				ENABLE_NS_ASSERTIONS = NO;
				ENABLE_STRICT_OBJC_MSGSEND = YES;
				GCC_C_LANGUAGE_STANDARD = gnu99;
				GCC_NO_COMMON_BLOCKS = YES;
				GCC_WARN_64_TO_32_BIT_CONVERSION = YES;
				GCC_WARN_ABOUT_RETURN_TYPE = YES_ERROR;
				GCC_WARN_UNDECLARED_SELECTOR = YES;
				GCC_WARN_UNINITIALIZED_AUTOS = YES_AGGRESSIVE;
				GCC_WARN_UNUSED_FUNCTION = YES;
				GCC_WARN_UNUSED_VARIABLE = YES;
				IPHONEOS_DEPLOYMENT_TARGET = 10.3;
				MTL_ENABLE_DEBUG_INFO = NO;
				SDKROOT = iphoneos;
				VALIDATE_PRODUCT = YES;
			};
			name = Release;
		};
		D056E4D01EDC0741006205BE /* Debug */ = {
			isa = XCBuildConfiguration;
			buildSettings = {
				ASSETCATALOG_COMPILER_APPICON_NAME = AppIcon;
				ASSETCATALOG_COMPILER_LAUNCHIMAGE_NAME = LaunchImage;
				DEVELOPMENT_TEAM = 5UB324DE42;
				INFOPLIST_FILE = "StoryBoard-Demo/Info.plist";
				LD_RUNPATH_SEARCH_PATHS = "$(inherited) @executable_path/Frameworks";
				PRODUCT_BUNDLE_IDENTIFIER = "com.justin.StoryBoard-Demo";
				PRODUCT_NAME = "$(TARGET_NAME)";
			};
			name = Debug;
		};
		D056E4D11EDC0741006205BE /* Release */ = {
			isa = XCBuildConfiguration;
			buildSettings = {
				ASSETCATALOG_COMPILER_APPICON_NAME = AppIcon;
				ASSETCATALOG_COMPILER_LAUNCHIMAGE_NAME = LaunchImage;
				DEVELOPMENT_TEAM = 5UB324DE42;
				INFOPLIST_FILE = "StoryBoard-Demo/Info.plist";
				LD_RUNPATH_SEARCH_PATHS = "$(inherited) @executable_path/Frameworks";
				PRODUCT_BUNDLE_IDENTIFIER = "com.justin.StoryBoard-Demo";
				PRODUCT_NAME = "$(TARGET_NAME)";
			};
			name = Release;
		};
		D056E4D31EDC0741006205BE /* Debug */ = {
			isa = XCBuildConfiguration;
			buildSettings = {
				BUNDLE_LOADER = "$(TEST_HOST)";
				DEVELOPMENT_TEAM = 5UB324DE42;
				INFOPLIST_FILE = "StoryBoard-DemoTests/Info.plist";
				LD_RUNPATH_SEARCH_PATHS = "$(inherited) @executable_path/Frameworks @loader_path/Frameworks";
				PRODUCT_BUNDLE_IDENTIFIER = "com.justin.StoryBoard-DemoTests";
				PRODUCT_NAME = "$(TARGET_NAME)";
				TEST_HOST = "$(BUILT_PRODUCTS_DIR)/StoryBoard-Demo.app/StoryBoard-Demo";
			};
			name = Debug;
		};
		D056E4D41EDC0741006205BE /* Release */ = {
			isa = XCBuildConfiguration;
			buildSettings = {
				BUNDLE_LOADER = "$(TEST_HOST)";
				DEVELOPMENT_TEAM = 5UB324DE42;
				INFOPLIST_FILE = "StoryBoard-DemoTests/Info.plist";
				LD_RUNPATH_SEARCH_PATHS = "$(inherited) @executable_path/Frameworks @loader_path/Frameworks";
				PRODUCT_BUNDLE_IDENTIFIER = "com.justin.StoryBoard-DemoTests";
				PRODUCT_NAME = "$(TARGET_NAME)";
				TEST_HOST = "$(BUILT_PRODUCTS_DIR)/StoryBoard-Demo.app/StoryBoard-Demo";
			};
			name = Release;
		};
		D056E4D61EDC0741006205BE /* Debug */ = {
			isa = XCBuildConfiguration;
			buildSettings = {
				DEVELOPMENT_TEAM = 5UB324DE42;
				INFOPLIST_FILE = "StoryBoard-DemoUITests/Info.plist";
				LD_RUNPATH_SEARCH_PATHS = "$(inherited) @executable_path/Frameworks @loader_path/Frameworks";
				PRODUCT_BUNDLE_IDENTIFIER = "com.justin.StoryBoard-DemoUITests";
				PRODUCT_NAME = "$(TARGET_NAME)";
				TEST_TARGET_NAME = "StoryBoard-Demo";
			};
			name = Debug;
		};
		D056E4D71EDC0741006205BE /* Release */ = {
			isa = XCBuildConfiguration;
			buildSettings = {
				DEVELOPMENT_TEAM = 5UB324DE42;
				INFOPLIST_FILE = "StoryBoard-DemoUITests/Info.plist";
				LD_RUNPATH_SEARCH_PATHS = "$(inherited) @executable_path/Frameworks @loader_path/Frameworks";
				PRODUCT_BUNDLE_IDENTIFIER = "com.justin.StoryBoard-DemoUITests";
				PRODUCT_NAME = "$(TARGET_NAME)";
				TEST_TARGET_NAME = "StoryBoard-Demo";
			};
			name = Release;
		};
/* End XCBuildConfiguration section */

/* Begin XCConfigurationList section */
		D056E49D1EDC0740006205BE /* Build configuration list for PBXProject "StoryBoard-Demo" */ = {
			isa = XCConfigurationList;
			buildConfigurations = (
				D056E4CD1EDC0741006205BE /* Debug */,
				D056E4CE1EDC0741006205BE /* Release */,
			);
			defaultConfigurationIsVisible = 0;
			defaultConfigurationName = Release;
		};
		D056E4CF1EDC0741006205BE /* Build configuration list for PBXNativeTarget "StoryBoard-Demo" */ = {
			isa = XCConfigurationList;
			buildConfigurations = (
				D056E4D01EDC0741006205BE /* Debug */,
				D056E4D11EDC0741006205BE /* Release */,
			);
			defaultConfigurationIsVisible = 0;
		};
		D056E4D21EDC0741006205BE /* Build configuration list for PBXNativeTarget "StoryBoard-DemoTests" */ = {
			isa = XCConfigurationList;
			buildConfigurations = (
				D056E4D31EDC0741006205BE /* Debug */,
				D056E4D41EDC0741006205BE /* Release */,
			);
			defaultConfigurationIsVisible = 0;
		};
		D056E4D51EDC0741006205BE /* Build configuration list for PBXNativeTarget "StoryBoard-DemoUITests" */ = {
			isa = XCConfigurationList;
			buildConfigurations = (
				D056E4D61EDC0741006205BE /* Debug */,
				D056E4D71EDC0741006205BE /* Release */,
			);
			defaultConfigurationIsVisible = 0;
		};
/* End XCConfigurationList section */
	};
	rootObject = D056E49A1EDC0740006205BE /* Project object */;
}
