// !$*UTF8*$!
{
	archiveVersion = 1;
	classes = {
	};
	objectVersion = 50;
	objects = {

/* Begin PBXBuildFile section */
		C5530AC02101C48800905729 /* AppDelegate.m in Sources */ = {isa = PBXBuildFile; fileRef = C5530ABF2101C48800905729 /* AppDelegate.m */; };
		C5530AC32101C48800905729 /* ViewController.m in Sources */ = {isa = PBXBuildFile; fileRef = C5530AC22101C48800905729 /* ViewController.m */; };
		C5530AC62101C48800905729 /* Main.storyboard in Resources */ = {isa = PBXBuildFile; fileRef = C5530AC42101C48800905729 /* Main.storyboard */; };
		C5530AC82101C48900905729 /* Assets.xcassets in Resources */ = {isa = PBXBuildFile; fileRef = C5530AC72101C48900905729 /* Assets.xcassets */; };
		C5530ACB2101C48900905729 /* LaunchScreen.storyboard in Resources */ = {isa = PBXBuildFile; fileRef = C5530AC92101C48900905729 /* LaunchScreen.storyboard */; };
		C5530ACE2101C48900905729 /* main.m in Sources */ = {isa = PBXBuildFile; fileRef = C5530ACD2101C48900905729 /* main.m */; };
		C5530AD62101C4BB00905729 /* Pepole.m in Sources */ = {isa = PBXBuildFile; fileRef = C5530AD52101C4BB00905729 /* Pepole.m */; };
/* End PBXBuildFile section */

/* Begin PBXFileReference section */
		C5530ABB2101C48800905729 /* NSKeyedArchiver.app */ = {isa = PBXFileReference; explicitFileType = wrapper.application; includeInIndex = 0; path = NSKeyedArchiver.app; sourceTree = BUILT_PRODUCTS_DIR; };
		C5530ABE2101C48800905729 /* AppDelegate.h */ = {isa = PBXFileReference; lastKnownFileType = sourcecode.c.h; path = AppDelegate.h; sourceTree = "<group>"; };
		C5530ABF2101C48800905729 /* AppDelegate.m */ = {isa = PBXFileReference; lastKnownFileType = sourcecode.c.objc; path = AppDelegate.m; sourceTree = "<group>"; };
		C5530AC12101C48800905729 /* ViewController.h */ = {isa = PBXFileReference; lastKnownFileType = sourcecode.c.h; path = ViewController.h; sourceTree = "<group>"; };
		C5530AC22101C48800905729 /* ViewController.m */ = {isa = PBXFileReference; lastKnownFileType = sourcecode.c.objc; path = ViewController.m; sourceTree = "<group>"; };
		C5530AC52101C48800905729 /* Base */ = {isa = PBXFileReference; lastKnownFileType = file.storyboard; name = Base; path = Base.lproj/Main.storyboard; sourceTree = "<group>"; };
		C5530AC72101C48900905729 /* Assets.xcassets */ = {isa = PBXFileReference; lastKnownFileType = folder.assetcatalog; path = Assets.xcassets; sourceTree = "<group>"; };
		C5530ACA2101C48900905729 /* Base */ = {isa = PBXFileReference; lastKnownFileType = file.storyboard; name = Base; path = Base.lproj/LaunchScreen.storyboard; sourceTree = "<group>"; };
		C5530ACC2101C48900905729 /* Info.plist */ = {isa = PBXFileReference; lastKnownFileType = text.plist.xml; path = Info.plist; sourceTree = "<group>"; };
		C5530ACD2101C48900905729 /* main.m */ = {isa = PBXFileReference; lastKnownFileType = sourcecode.c.objc; path = main.m; sourceTree = "<group>"; };
		C5530AD42101C4BB00905729 /* Pepole.h */ = {isa = PBXFileReference; lastKnownFileType = sourcecode.c.h; path = Pepole.h; sourceTree = "<group>"; };
		C5530AD52101C4BB00905729 /* Pepole.m */ = {isa = PBXFileReference; lastKnownFileType = sourcecode.c.objc; path = Pepole.m; sourceTree = "<group>"; };
/* End PBXFileReference section */

/* Begin PBXFrameworksBuildPhase section */
		C5530AB82101C48800905729 /* Frameworks */ = {
			isa = PBXFrameworksBuildPhase;
			buildActionMask = 2147483647;
			files = (
			);
			runOnlyForDeploymentPostprocessing = 0;
		};
/* End PBXFrameworksBuildPhase section */

/* Begin PBXGroup section */
		C5530AB22101C48800905729 = {
			isa = PBXGroup;
			children = (
				C5530ABD2101C48800905729 /* NSKeyedArchiver */,
				C5530ABC2101C48800905729 /* Products */,
			);
			sourceTree = "<group>";
		};
		C5530ABC2101C48800905729 /* Products */ = {
			isa = PBXGroup;
			children = (
				C5530ABB2101C48800905729 /* NSKeyedArchiver.app */,
			);
			name = Products;
			sourceTree = "<group>";
		};
		C5530ABD2101C48800905729 /* NSKeyedArchiver */ = {
			isa = PBXGroup;
			children = (
				C5530ABE2101C48800905729 /* AppDelegate.h */,
				C5530ABF2101C48800905729 /* AppDelegate.m */,
				C5530AC12101C48800905729 /* ViewController.h */,
				C5530AC22101C48800905729 /* ViewController.m */,
				C5530AC42101C48800905729 /* Main.storyboard */,
				C5530AC72101C48900905729 /* Assets.xcassets */,
				C5530AC92101C48900905729 /* LaunchScreen.storyboard */,
				C5530ACC2101C48900905729 /* Info.plist */,
				C5530ACD2101C48900905729 /* main.m */,
				C5530AD42101C4BB00905729 /* Pepole.h */,
				C5530AD52101C4BB00905729 /* Pepole.m */,
			);
			path = NSKeyedArchiver;
			sourceTree = "<group>";
		};
/* End PBXGroup section */

/* Begin PBXNativeTarget section */
		C5530ABA2101C48800905729 /* NSKeyedArchiver */ = {
			isa = PBXNativeTarget;
			buildConfigurationList = C5530AD12101C48900905729 /* Build configuration list for PBXNativeTarget "NSKeyedArchiver" */;
			buildPhases = (
				C5530AB72101C48800905729 /* Sources */,
				C5530AB82101C48800905729 /* Frameworks */,
				C5530AB92101C48800905729 /* Resources */,
			);
			buildRules = (
			);
			dependencies = (
			);
			name = NSKeyedArchiver;
			productName = NSKeyedArchiver;
			productReference = C5530ABB2101C48800905729 /* NSKeyedArchiver.app */;
			productType = "com.apple.product-type.application";
		};
/* End PBXNativeTarget section */

/* Begin PBXProject section */
		C5530AB32101C48800905729 /* Project object */ = {
			isa = PBXProject;
			attributes = {
				LastUpgradeCheck = 0940;
				ORGANIZATIONNAME = HWA;
				TargetAttributes = {
					C5530ABA2101C48800905729 = {
						CreatedOnToolsVersion = 9.4.1;
					};
				};
			};
			buildConfigurationList = C5530AB62101C48800905729 /* Build configuration list for PBXProject "NSKeyedArchiver" */;
			compatibilityVersion = "Xcode 9.3";
			developmentRegion = en;
			hasScannedForEncodings = 0;
			knownRegions = (
				en,
				Base,
			);
			mainGroup = C5530AB22101C48800905729;
			productRefGroup = C5530ABC2101C48800905729 /* Products */;
			projectDirPath = "";
			projectRoot = "";
			targets = (
				C5530ABA2101C48800905729 /* NSKeyedArchiver */,
			);
		};
/* End PBXProject section */

/* Begin PBXResourcesBuildPhase section */
		C5530AB92101C48800905729 /* Resources */ = {
			isa = PBXResourcesBuildPhase;
			buildActionMask = 2147483647;
			files = (
				C5530ACB2101C48900905729 /* LaunchScreen.storyboard in Resources */,
				C5530AC82101C48900905729 /* Assets.xcassets in Resources */,
				C5530AC62101C48800905729 /* Main.storyboard in Resources */,
			);
			runOnlyForDeploymentPostprocessing = 0;
		};
/* End PBXResourcesBuildPhase section */

/* Begin PBXSourcesBuildPhase section */
		C5530AB72101C48800905729 /* Sources */ = {
			isa = PBXSourcesBuildPhase;
			buildActionMask = 2147483647;
			files = (
				C5530AD62101C4BB00905729 /* Pepole.m in Sources */,
				C5530AC32101C48800905729 /* ViewController.m in Sources */,
				C5530ACE2101C48900905729 /* main.m in Sources */,
				C5530AC02101C48800905729 /* AppDelegate.m in Sources */,
			);
			runOnlyForDeploymentPostprocessing = 0;
		};
/* End PBXSourcesBuildPhase section */

/* Begin PBXVariantGroup section */
		C5530AC42101C48800905729 /* Main.storyboard */ = {
			isa = PBXVariantGroup;
			children = (
				C5530AC52101C48800905729 /* Base */,
			);
			name = Main.storyboard;
			sourceTree = "<group>";
		};
		C5530AC92101C48900905729 /* LaunchScreen.storyboard */ = {
			isa = PBXVariantGroup;
			children = (
				C5530ACA2101C48900905729 /* Base */,
			);
			name = LaunchScreen.storyboard;
			sourceTree = "<group>";
		};
/* End PBXVariantGroup section */

/* Begin XCBuildConfiguration section */
		C5530ACF2101C48900905729 /* Debug */ = {
			isa = XCBuildConfiguration;
			buildSettings = {
				ALWAYS_SEARCH_USER_PATHS = NO;
				CLANG_ANALYZER_NONNULL = YES;
				CLANG_ANALYZER_NUMBER_OBJECT_CONVERSION = YES_AGGRESSIVE;
				CLANG_CXX_LANGUAGE_STANDARD = "gnu++14";
				CLANG_CXX_LIBRARY = "libc++";
				CLANG_ENABLE_MODULES = YES;
				CLANG_ENABLE_OBJC_ARC = YES;
				CLANG_ENABLE_OBJC_WEAK = YES;
				CLANG_WARN_BLOCK_CAPTURE_AUTORELEASING = YES;
				CLANG_WARN_BOOL_CONVERSION = YES;
				CLANG_WARN_COMMA = YES;
				CLANG_WARN_CONSTANT_CONVERSION = YES;
				CLANG_WARN_DEPRECATED_OBJC_IMPLEMENTATIONS = YES;
				CLANG_WARN_DIRECT_OBJC_ISA_USAGE = YES_ERROR;
				CLANG_WARN_DOCUMENTATION_COMMENTS = YES;
				CLANG_WARN_EMPTY_BODY = YES;
				CLANG_WARN_ENUM_CONVERSION = YES;
				CLANG_WARN_INFINITE_RECURSION = YES;
				CLANG_WARN_INT_CONVERSION = YES;
				CLANG_WARN_NON_LITERAL_NULL_CONVERSION = YES;
				CLANG_WARN_OBJC_IMPLICIT_RETAIN_SELF = YES;
				CLANG_WARN_OBJC_LITERAL_CONVERSION = YES;
				CLANG_WARN_OBJC_ROOT_CLASS = YES_ERROR;
				CLANG_WARN_RANGE_LOOP_ANALYSIS = YES;
				CLANG_WARN_STRICT_PROTOTYPES = YES;
				CLANG_WARN_SUSPICIOUS_MOVE = YES;
				CLANG_WARN_UNGUARDED_AVAILABILITY = YES_AGGRESSIVE;
				CLANG_WARN_UNREACHABLE_CODE = YES;
				CLANG_WARN__DUPLICATE_METHOD_MATCH = YES;
				CODE_SIGN_IDENTITY = "iPhone Developer";
				COPY_PHASE_STRIP = NO;
				DEBUG_INFORMATION_FORMAT = dwarf;
				ENABLE_STRICT_OBJC_MSGSEND = YES;
				ENABLE_TESTABILITY = YES;
				GCC_C_LANGUAGE_STANDARD = gnu11;
				GCC_DYNAMIC_NO_PIC = NO;
				GCC_NO_COMMON_BLOCKS = YES;
				GCC_OPTIMIZATION_LEVEL = 0;
				GCC_PREPROCESSOR_DEFINITIONS = (
					"DEBUG=1",
					"$(inherited)",
				);
				GCC_WARN_64_TO_32_BIT_CONVERSION = YES;
				GCC_WARN_ABOUT_RETURN_TYPE = YES_ERROR;
				GCC_WARN_UNDECLARED_SELECTOR = YES;
				GCC_WARN_UNINITIALIZED_AUTOS = YES_AGGRESSIVE;
				GCC_WARN_UNUSED_FUNCTION = YES;
				GCC_WARN_UNUSED_VARIABLE = YES;
				IPHONEOS_DEPLOYMENT_TARGET = 11.4;
				MTL_ENABLE_DEBUG_INFO = YES;
				ONLY_ACTIVE_ARCH = YES;
				SDKROOT = iphoneos;
			};
			name = Debug;
		};
		C5530AD02101C48900905729 /* Release */ = {
			isa = XCBuildConfiguration;
			buildSettings = {
				ALWAYS_SEARCH_USER_PATHS = NO;
				CLANG_ANALYZER_NONNULL = YES;
				CLANG_ANALYZER_NUMBER_OBJECT_CONVERSION = YES_AGGRESSIVE;
				CLANG_CXX_LANGUAGE_STANDARD = "gnu++14";
				CLANG_CXX_LIBRARY = "libc++";
				CLANG_ENABLE_MODULES = YES;
				CLANG_ENABLE_OBJC_ARC = YES;
				CLANG_ENABLE_OBJC_WEAK = YES;
				CLANG_WARN_BLOCK_CAPTURE_AUTORELEASING = YES;
				CLANG_WARN_BOOL_CONVERSION = YES;
				CLANG_WARN_COMMA = YES;
				CLANG_WARN_CONSTANT_CONVERSION = YES;
				CLANG_WARN_DEPRECATED_OBJC_IMPLEMENTATIONS = YES;
				CLANG_WARN_DIRECT_OBJC_ISA_USAGE = YES_ERROR;
				CLANG_WARN_DOCUMENTATION_COMMENTS = YES;
				CLANG_WARN_EMPTY_BODY = YES;
				CLANG_WARN_ENUM_CONVERSION = YES;
				CLANG_WARN_INFINITE_RECURSION = YES;
				CLANG_WARN_INT_CONVERSION = YES;
				CLANG_WARN_NON_LITERAL_NULL_CONVERSION = YES;
				CLANG_WARN_OBJC_IMPLICIT_RETAIN_SELF = YES;
				CLANG_WARN_OBJC_LITERAL_CONVERSION = YES;
				CLANG_WARN_OBJC_ROOT_CLASS = YES_ERROR;
				CLANG_WARN_RANGE_LOOP_ANALYSIS = YES;
				CLANG_WARN_STRICT_PROTOTYPES = YES;
				CLANG_WARN_SUSPICIOUS_MOVE = YES;
				CLANG_WARN_UNGUARDED_AVAILABILITY = YES_AGGRESSIVE;
				CLANG_WARN_UNREACHABLE_CODE = YES;
				CLANG_WARN__DUPLICATE_METHOD_MATCH = YES;
				CODE_SIGN_IDENTITY = "iPhone Developer";
				COPY_PHASE_STRIP = NO;
				DEBUG_INFORMATION_FORMAT = "dwarf-with-dsym";
				ENABLE_NS_ASSERTIONS = NO;
				ENABLE_STRICT_OBJC_MSGSEND = YES;
				GCC_C_LANGUAGE_STANDARD = gnu11;
				GCC_NO_COMMON_BLOCKS = YES;
				GCC_WARN_64_TO_32_BIT_CONVERSION = YES;
				GCC_WARN_ABOUT_RETURN_TYPE = YES_ERROR;
				GCC_WARN_UNDECLARED_SELECTOR = YES;
				GCC_WARN_UNINITIALIZED_AUTOS = YES_AGGRESSIVE;
				GCC_WARN_UNUSED_FUNCTION = YES;
				GCC_WARN_UNUSED_VARIABLE = YES;
				IPHONEOS_DEPLOYMENT_TARGET = 11.4;
				MTL_ENABLE_DEBUG_INFO = NO;
				SDKROOT = iphoneos;
				VALIDATE_PRODUCT = YES;
			};
			name = Release;
		};
		C5530AD22101C48900905729 /* Debug */ = {
			isa = XCBuildConfiguration;
			buildSettings = {
				ASSETCATALOG_COMPILER_APPICON_NAME = AppIcon;
				CODE_SIGN_STYLE = Automatic;
				DEVELOPMENT_TEAM = 5UB324DE42;
				INFOPLIST_FILE = NSKeyedArchiver/Info.plist;
				LD_RUNPATH_SEARCH_PATHS = (
					"$(inherited)",
					"@executable_path/Frameworks",
				);
				PRODUCT_BUNDLE_IDENTIFIER = com.hwa.NSKeyedArchiver;
				PRODUCT_NAME = "$(TARGET_NAME)";
				TARGETED_DEVICE_FAMILY = "1,2";
			};
			name = Debug;
		};
		C5530AD32101C48900905729 /* Release */ = {
			isa = XCBuildConfiguration;
			buildSettings = {
				ASSETCATALOG_COMPILER_APPICON_NAME = AppIcon;
				CODE_SIGN_STYLE = Automatic;
				DEVELOPMENT_TEAM = 5UB324DE42;
				INFOPLIST_FILE = NSKeyedArchiver/Info.plist;
				LD_RUNPATH_SEARCH_PATHS = (
					"$(inherited)",
					"@executable_path/Frameworks",
				);
				PRODUCT_BUNDLE_IDENTIFIER = com.hwa.NSKeyedArchiver;
				PRODUCT_NAME = "$(TARGET_NAME)";
				TARGETED_DEVICE_FAMILY = "1,2";
			};
			name = Release;
		};
/* End XCBuildConfiguration section */

/* Begin XCConfigurationList section */
		C5530AB62101C48800905729 /* Build configuration list for PBXProject "NSKeyedArchiver" */ = {
			isa = XCConfigurationList;
			buildConfigurations = (
				C5530ACF2101C48900905729 /* Debug */,
				C5530AD02101C48900905729 /* Release */,
			);
			defaultConfigurationIsVisible = 0;
			defaultConfigurationName = Release;
		};
		C5530AD12101C48900905729 /* Build configuration list for PBXNativeTarget "NSKeyedArchiver" */ = {
			isa = XCConfigurationList;
			buildConfigurations = (
				C5530AD22101C48900905729 /* Debug */,
				C5530AD32101C48900905729 /* Release */,
			);
			defaultConfigurationIsVisible = 0;
			defaultConfigurationName = Release;
		};
/* End XCConfigurationList section */
	};
	rootObject = C5530AB32101C48800905729 /* Project object */;
}
